
Microsoft Visual Studio Solution File, Format Version 12.00
# Visual Studio Version 16
VisualStudioVersion = 16.0.29215.179
MinimumVisualStudioVersion = 10.0.40219.1
Project("{FAE04EC0-301F-11D3-BF4B-00C04F79EFBC}") = "GooTrans", "GooTrans.csproj", "{57938973-14E4-472D-8CA8-0E0495A8E1E8}"
EndProject
Global
	GlobalSection(SolutionConfigurationPlatforms) = preSolution
		Debug|Any CPU = Debug|Any CPU
		Release|Any CPU = Release|Any CPU
	EndGlobalSection
	GlobalSection(ProjectConfigurationPlatforms) = postSolution
		{57938973-14E4-472D-8CA8-0E0495A8E1E8}.Debug|Any CPU.ActiveCfg = Debug|Any CPU
		{57938973-14E4-472D-8CA8-0E0495A8E1E8}.Debug|Any CPU.Build.0 = Debug|Any CPU
		{57938973-14E4-472D-8CA8-0E0495A8E1E8}.Release|Any CPU.ActiveCfg = Release|Any CPU
		{57938973-14E4-472D-8CA8-0E0495A8E1E8}.Release|Any CPU.Build.0 = Release|Any CPU
	EndGlobalSection
	GlobalSection(SolutionProperties) = preSolution
		HideSolutionNode = FALSE
	EndGlobalSection
	GlobalSection(ExtensibilityGlobals) = postSolution
		SolutionGuid = {D061677E-8480-46C2-9806-1D995F12D90B}
	EndGlobalSection
EndGlobal
